// !$*UTF8*$!
{
	archiveVersion = 1;
	classes = {
	};
	objectVersion = 56;
	objects = {

/* Begin PBXBuildFile section */
		ADC6AE9129B23AAC00156076 /* GoogleService-Info.plist in Resources */ = {isa = PBXBuildFile; fileRef = ADC6AE9029B23AAC00156076 /* GoogleService-Info.plist */; };
		ADC6AE9229B23AAC00156076 /* GoogleService-Info.plist in Resources */ = {isa = PBXBuildFile; fileRef = ADC6AE9029B23AAC00156076 /* GoogleService-Info.plist */; };
		ADC6AE9329B23AAC00156076 /* GoogleService-Info.plist in Resources */ = {isa = PBXBuildFile; fileRef = ADC6AE9029B23AAC00156076 /* GoogleService-Info.plist */; };
		ADC6AE9629B23B9300156076 /* FirebaseDatabase in Frameworks */ = {isa = PBXBuildFile; productRef = ADC6AE9529B23B9300156076 /* FirebaseDatabase */; };
		ADC6AE9829B23B9300156076 /* FirebaseDatabaseSwift in Frameworks */ = {isa = PBXBuildFile; productRef = ADC6AE9729B23B9300156076 /* FirebaseDatabaseSwift */; };
		ADE386CF29B19B9300B13344 /* AppDelegate.swift in Sources */ = {isa = PBXBuildFile; fileRef = ADE386CE29B19B9300B13344 /* AppDelegate.swift */; };
		ADE386D129B19B9300B13344 /* SceneDelegate.swift in Sources */ = {isa = PBXBuildFile; fileRef = ADE386D029B19B9300B13344 /* SceneDelegate.swift */; };
		ADE386D329B19B9300B13344 /* ViewController.swift in Sources */ = {isa = PBXBuildFile; fileRef = ADE386D229B19B9300B13344 /* ViewController.swift */; };
		ADE386D829B19B9500B13344 /* Assets.xcassets in Resources */ = {isa = PBXBuildFile; fileRef = ADE386D729B19B9500B13344 /* Assets.xcassets */; };
		ADE386DB29B19B9500B13344 /* LaunchScreen.storyboard in Resources */ = {isa = PBXBuildFile; fileRef = ADE386D929B19B9500B13344 /* LaunchScreen.storyboard */; };
		ADE386E629B19B9600B13344 /* TestTaskTests.swift in Sources */ = {isa = PBXBuildFile; fileRef = ADE386E529B19B9600B13344 /* TestTaskTests.swift */; };
		ADE386F029B19B9600B13344 /* TestTaskUITests.swift in Sources */ = {isa = PBXBuildFile; fileRef = ADE386EF29B19B9600B13344 /* TestTaskUITests.swift */; };
		ADE386F229B19B9600B13344 /* TestTaskUITestsLaunchTests.swift in Sources */ = {isa = PBXBuildFile; fileRef = ADE386F129B19B9600B13344 /* TestTaskUITestsLaunchTests.swift */; };
		ADE386FF29B19EE200B13344 /* Resources.swift in Sources */ = {isa = PBXBuildFile; fileRef = ADE386FE29B19EE200B13344 /* Resources.swift */; };
/* End PBXBuildFile section */

/* Begin PBXContainerItemProxy section */
		ADE386E229B19B9600B13344 /* PBXContainerItemProxy */ = {
			isa = PBXContainerItemProxy;
			containerPortal = ADE386C329B19B9300B13344 /* Project object */;
			proxyType = 1;
			remoteGlobalIDString = ADE386CA29B19B9300B13344;
			remoteInfo = TestTask;
		};
		ADE386EC29B19B9600B13344 /* PBXContainerItemProxy */ = {
			isa = PBXContainerItemProxy;
			containerPortal = ADE386C329B19B9300B13344 /* Project object */;
			proxyType = 1;
			remoteGlobalIDString = ADE386CA29B19B9300B13344;
			remoteInfo = TestTask;
		};
/* End PBXContainerItemProxy section */

/* Begin PBXFileReference section */
		ADC6AE9029B23AAC00156076 /* GoogleService-Info.plist */ = {isa = PBXFileReference; fileEncoding = 4; lastKnownFileType = text.plist.xml; path = "GoogleService-Info.plist"; sourceTree = "<group>"; };
		ADE386CB29B19B9300B13344 /* TestTask.app */ = {isa = PBXFileReference; explicitFileType = wrapper.application; includeInIndex = 0; path = TestTask.app; sourceTree = BUILT_PRODUCTS_DIR; };
		ADE386CE29B19B9300B13344 /* AppDelegate.swift */ = {isa = PBXFileReference; lastKnownFileType = sourcecode.swift; path = AppDelegate.swift; sourceTree = "<group>"; };
		ADE386D029B19B9300B13344 /* SceneDelegate.swift */ = {isa = PBXFileReference; lastKnownFileType = sourcecode.swift; path = SceneDelegate.swift; sourceTree = "<group>"; };
		ADE386D229B19B9300B13344 /* ViewController.swift */ = {isa = PBXFileReference; lastKnownFileType = sourcecode.swift; path = ViewController.swift; sourceTree = "<group>"; };
		ADE386D729B19B9500B13344 /* Assets.xcassets */ = {isa = PBXFileReference; lastKnownFileType = folder.assetcatalog; path = Assets.xcassets; sourceTree = "<group>"; };
		ADE386DA29B19B9500B13344 /* Base */ = {isa = PBXFileReference; lastKnownFileType = file.storyboard; name = Base; path = Base.lproj/LaunchScreen.storyboard; sourceTree = "<group>"; };
		ADE386DC29B19B9500B13344 /* Info.plist */ = {isa = PBXFileReference; lastKnownFileType = text.plist.xml; path = Info.plist; sourceTree = "<group>"; };
		ADE386E129B19B9600B13344 /* TestTaskTests.xctest */ = {isa = PBXFileReference; explicitFileType = wrapper.cfbundle; includeInIndex = 0; path = TestTaskTests.xctest; sourceTree = BUILT_PRODUCTS_DIR; };
		ADE386E529B19B9600B13344 /* TestTaskTests.swift */ = {isa = PBXFileReference; lastKnownFileType = sourcecode.swift; path = TestTaskTests.swift; sourceTree = "<group>"; };
		ADE386EB29B19B9600B13344 /* TestTaskUITests.xctest */ = {isa = PBXFileReference; explicitFileType = wrapper.cfbundle; includeInIndex = 0; path = TestTaskUITests.xctest; sourceTree = BUILT_PRODUCTS_DIR; };
		ADE386EF29B19B9600B13344 /* TestTaskUITests.swift */ = {isa = PBXFileReference; lastKnownFileType = sourcecode.swift; path = TestTaskUITests.swift; sourceTree = "<group>"; };
		ADE386F129B19B9600B13344 /* TestTaskUITestsLaunchTests.swift */ = {isa = PBXFileReference; lastKnownFileType = sourcecode.swift; path = TestTaskUITestsLaunchTests.swift; sourceTree = "<group>"; };
		ADE386FE29B19EE200B13344 /* Resources.swift */ = {isa = PBXFileReference; lastKnownFileType = sourcecode.swift; path = Resources.swift; sourceTree = "<group>"; };
/* End PBXFileReference section */

/* Begin PBXFrameworksBuildPhase section */
		ADE386C829B19B9300B13344 /* Frameworks */ = {
			isa = PBXFrameworksBuildPhase;
			buildActionMask = 2147483647;
			files = (
				ADC6AE9829B23B9300156076 /* FirebaseDatabaseSwift in Frameworks */,
				ADC6AE9629B23B9300156076 /* FirebaseDatabase in Frameworks */,
			);
			runOnlyForDeploymentPostprocessing = 0;
		};
		ADE386DE29B19B9600B13344 /* Frameworks */ = {
			isa = PBXFrameworksBuildPhase;
			buildActionMask = 2147483647;
			files = (
			);
			runOnlyForDeploymentPostprocessing = 0;
		};
		ADE386E829B19B9600B13344 /* Frameworks */ = {
			isa = PBXFrameworksBuildPhase;
			buildActionMask = 2147483647;
			files = (
			);
			runOnlyForDeploymentPostprocessing = 0;
		};
/* End PBXFrameworksBuildPhase section */

/* Begin PBXGroup section */
		ADE386C229B19B9300B13344 = {
			isa = PBXGroup;
			children = (
				ADE386CD29B19B9300B13344 /* TestTask */,
				ADE386E429B19B9600B13344 /* TestTaskTests */,
				ADE386EE29B19B9600B13344 /* TestTaskUITests */,
				ADE386CC29B19B9300B13344 /* Products */,
			);
			sourceTree = "<group>";
		};
		ADE386CC29B19B9300B13344 /* Products */ = {
			isa = PBXGroup;
			children = (
				ADE386CB29B19B9300B13344 /* TestTask.app */,
				ADE386E129B19B9600B13344 /* TestTaskTests.xctest */,
				ADE386EB29B19B9600B13344 /* TestTaskUITests.xctest */,
			);
			name = Products;
			sourceTree = "<group>";
		};
		ADE386CD29B19B9300B13344 /* TestTask */ = {
			isa = PBXGroup;
			children = (
				ADE386CE29B19B9300B13344 /* AppDelegate.swift */,
				ADE386D029B19B9300B13344 /* SceneDelegate.swift */,
				ADE386D229B19B9300B13344 /* ViewController.swift */,
				ADC6AE9029B23AAC00156076 /* GoogleService-Info.plist */,
				ADE386D729B19B9500B13344 /* Assets.xcassets */,
				ADE386D929B19B9500B13344 /* LaunchScreen.storyboard */,
				ADE386DC29B19B9500B13344 /* Info.plist */,
				ADE386FE29B19EE200B13344 /* Resources.swift */,
			);
			path = TestTask;
			sourceTree = "<group>";
		};
		ADE386E429B19B9600B13344 /* TestTaskTests */ = {
			isa = PBXGroup;
			children = (
				ADE386E529B19B9600B13344 /* TestTaskTests.swift */,
			);
			path = TestTaskTests;
			sourceTree = "<group>";
		};
		ADE386EE29B19B9600B13344 /* TestTaskUITests */ = {
			isa = PBXGroup;
			children = (
				ADE386EF29B19B9600B13344 /* TestTaskUITests.swift */,
				ADE386F129B19B9600B13344 /* TestTaskUITestsLaunchTests.swift */,
			);
			path = TestTaskUITests;
			sourceTree = "<group>";
		};
/* End PBXGroup section */

/* Begin PBXNativeTarget section */
		ADE386CA29B19B9300B13344 /* TestTask */ = {
			isa = PBXNativeTarget;
			buildConfigurationList = ADE386F529B19B9600B13344 /* Build configuration list for PBXNativeTarget "TestTask" */;
			buildPhases = (
				ADE386C729B19B9300B13344 /* Sources */,
				ADE386C829B19B9300B13344 /* Frameworks */,
				ADE386C929B19B9300B13344 /* Resources */,
			);
			buildRules = (
			);
			dependencies = (
			);
			name = TestTask;
			packageProductDependencies = (
				ADC6AE9529B23B9300156076 /* FirebaseDatabase */,
				ADC6AE9729B23B9300156076 /* FirebaseDatabaseSwift */,
			);
			productName = TestTask;
			productReference = ADE386CB29B19B9300B13344 /* TestTask.app */;
			productType = "com.apple.product-type.application";
		};
		ADE386E029B19B9600B13344 /* TestTaskTests */ = {
			isa = PBXNativeTarget;
			buildConfigurationList = ADE386F829B19B9600B13344 /* Build configuration list for PBXNativeTarget "TestTaskTests" */;
			buildPhases = (
				ADE386DD29B19B9600B13344 /* Sources */,
				ADE386DE29B19B9600B13344 /* Frameworks */,
				ADE386DF29B19B9600B13344 /* Resources */,
			);
			buildRules = (
			);
			dependencies = (
				ADE386E329B19B9600B13344 /* PBXTargetDependency */,
			);
			name = TestTaskTests;
			productName = TestTaskTests;
			productReference = ADE386E129B19B9600B13344 /* TestTaskTests.xctest */;
			productType = "com.apple.product-type.bundle.unit-test";
		};
		ADE386EA29B19B9600B13344 /* TestTaskUITests */ = {
			isa = PBXNativeTarget;
			buildConfigurationList = ADE386FB29B19B9600B13344 /* Build configuration list for PBXNativeTarget "TestTaskUITests" */;
			buildPhases = (
				ADE386E729B19B9600B13344 /* Sources */,
				ADE386E829B19B9600B13344 /* Frameworks */,
				ADE386E929B19B9600B13344 /* Resources */,
			);
			buildRules = (
			);
			dependencies = (
				ADE386ED29B19B9600B13344 /* PBXTargetDependency */,
			);
			name = TestTaskUITests;
			productName = TestTaskUITests;
			productReference = ADE386EB29B19B9600B13344 /* TestTaskUITests.xctest */;
			productType = "com.apple.product-type.bundle.ui-testing";
		};
/* End PBXNativeTarget section */

/* Begin PBXProject section */
		ADE386C329B19B9300B13344 /* Project object */ = {
			isa = PBXProject;
			attributes = {
				BuildIndependentTargetsInParallel = 1;
				LastSwiftUpdateCheck = 1420;
				LastUpgradeCheck = 1420;
				TargetAttributes = {
					ADE386CA29B19B9300B13344 = {
						CreatedOnToolsVersion = 14.2;
					};
					ADE386E029B19B9600B13344 = {
						CreatedOnToolsVersion = 14.2;
						TestTargetID = ADE386CA29B19B9300B13344;
					};
					ADE386EA29B19B9600B13344 = {
						CreatedOnToolsVersion = 14.2;
						TestTargetID = ADE386CA29B19B9300B13344;
					};
				};
			};
			buildConfigurationList = ADE386C629B19B9300B13344 /* Build configuration list for PBXProject "TestTask" */;
			compatibilityVersion = "Xcode 14.0";
			developmentRegion = en;
			hasScannedForEncodings = 0;
			knownRegions = (
				en,
				Base,
			);
			mainGroup = ADE386C229B19B9300B13344;
			packageReferences = (
				ADC6AE9429B23B9300156076 /* XCRemoteSwiftPackageReference "firebase-ios-sdk" */,
			);
			productRefGroup = ADE386CC29B19B9300B13344 /* Products */;
			projectDirPath = "";
			projectRoot = "";
			targets = (
				ADE386CA29B19B9300B13344 /* TestTask */,
				ADE386E029B19B9600B13344 /* TestTaskTests */,
				ADE386EA29B19B9600B13344 /* TestTaskUITests */,
			);
		};
/* End PBXProject section */

/* Begin PBXResourcesBuildPhase section */
		ADE386C929B19B9300B13344 /* Resources */ = {
			isa = PBXResourcesBuildPhase;
			buildActionMask = 2147483647;
			files = (
				ADE386DB29B19B9500B13344 /* LaunchScreen.storyboard in Resources */,
				ADE386D829B19B9500B13344 /* Assets.xcassets in Resources */,
				ADC6AE9129B23AAC00156076 /* GoogleService-Info.plist in Resources */,
			);
			runOnlyForDeploymentPostprocessing = 0;
		};
		ADE386DF29B19B9600B13344 /* Resources */ = {
			isa = PBXResourcesBuildPhase;
			buildActionMask = 2147483647;
			files = (
				ADC6AE9229B23AAC00156076 /* GoogleService-Info.plist in Resources */,
			);
			runOnlyForDeploymentPostprocessing = 0;
		};
		ADE386E929B19B9600B13344 /* Resources */ = {
			isa = PBXResourcesBuildPhase;
			buildActionMask = 2147483647;
			files = (
				ADC6AE9329B23AAC00156076 /* GoogleService-Info.plist in Resources */,
			);
			runOnlyForDeploymentPostprocessing = 0;
		};
/* End PBXResourcesBuildPhase section */

/* Begin PBXSourcesBuildPhase section */
		ADE386C729B19B9300B13344 /* Sources */ = {
			isa = PBXSourcesBuildPhase;
			buildActionMask = 2147483647;
			files = (
				ADE386D329B19B9300B13344 /* ViewController.swift in Sources */,
				ADE386CF29B19B9300B13344 /* AppDelegate.swift in Sources */,
				ADE386D129B19B9300B13344 /* SceneDelegate.swift in Sources */,
				ADE386FF29B19EE200B13344 /* Resources.swift in Sources */,
			);
			runOnlyForDeploymentPostprocessing = 0;
		};
		ADE386DD29B19B9600B13344 /* Sources */ = {
			isa = PBXSourcesBuildPhase;
			buildActionMask = 2147483647;
			files = (
				ADE386E629B19B9600B13344 /* TestTaskTests.swift in Sources */,
			);
			runOnlyForDeploymentPostprocessing = 0;
		};
		ADE386E729B19B9600B13344 /* Sources */ = {
			isa = PBXSourcesBuildPhase;
			buildActionMask = 2147483647;
			files = (
				ADE386F229B19B9600B13344 /* TestTaskUITestsLaunchTests.swift in Sources */,
				ADE386F029B19B9600B13344 /* TestTaskUITests.swift in Sources */,
			);
			runOnlyForDeploymentPostprocessing = 0;
		};
/* End PBXSourcesBuildPhase section */

/* Begin PBXTargetDependency section */
		ADE386E329B19B9600B13344 /* PBXTargetDependency */ = {
			isa = PBXTargetDependency;
			target = ADE386CA29B19B9300B13344 /* TestTask */;
			targetProxy = ADE386E229B19B9600B13344 /* PBXContainerItemProxy */;
		};
		ADE386ED29B19B9600B13344 /* PBXTargetDependency */ = {
			isa = PBXTargetDependency;
			target = ADE386CA29B19B9300B13344 /* TestTask */;
			targetProxy = ADE386EC29B19B9600B13344 /* PBXContainerItemProxy */;
		};
/* End PBXTargetDependency section */

/* Begin PBXVariantGroup section */
		ADE386D929B19B9500B13344 /* LaunchScreen.storyboard */ = {
			isa = PBXVariantGroup;
			children = (
				ADE386DA29B19B9500B13344 /* Base */,
			);
			name = LaunchScreen.storyboard;
			sourceTree = "<group>";
		};
/* End PBXVariantGroup section */

/* Begin XCBuildConfiguration section */
		ADE386F329B19B9600B13344 /* Debug */ = {
			isa = XCBuildConfiguration;
			buildSettings = {
				ALWAYS_SEARCH_USER_PATHS = NO;
				CLANG_ANALYZER_NONNULL = YES;
				CLANG_ANALYZER_NUMBER_OBJECT_CONVERSION = YES_AGGRESSIVE;
				CLANG_CXX_LANGUAGE_STANDARD = "gnu++20";
				CLANG_ENABLE_MODULES = YES;
				CLANG_ENABLE_OBJC_ARC = YES;
				CLANG_ENABLE_OBJC_WEAK = YES;
				CLANG_WARN_BLOCK_CAPTURE_AUTORELEASING = YES;
				CLANG_WARN_BOOL_CONVERSION = YES;
				CLANG_WARN_COMMA = YES;
				CLANG_WARN_CONSTANT_CONVERSION = YES;
				CLANG_WARN_DEPRECATED_OBJC_IMPLEMENTATIONS = YES;
				CLANG_WARN_DIRECT_OBJC_ISA_USAGE = YES_ERROR;
				CLANG_WARN_DOCUMENTATION_COMMENTS = YES;
				CLANG_WARN_EMPTY_BODY = YES;
				CLANG_WARN_ENUM_CONVERSION = YES;
				CLANG_WARN_INFINITE_RECURSION = YES;
				CLANG_WARN_INT_CONVERSION = YES;
				CLANG_WARN_NON_LITERAL_NULL_CONVERSION = YES;
				CLANG_WARN_OBJC_IMPLICIT_RETAIN_SELF = YES;
				CLANG_WARN_OBJC_LITERAL_CONVERSION = YES;
				CLANG_WARN_OBJC_ROOT_CLASS = YES_ERROR;
				CLANG_WARN_QUOTED_INCLUDE_IN_FRAMEWORK_HEADER = YES;
				CLANG_WARN_RANGE_LOOP_ANALYSIS = YES;
				CLANG_WARN_STRICT_PROTOTYPES = YES;
				CLANG_WARN_SUSPICIOUS_MOVE = YES;
				CLANG_WARN_UNGUARDED_AVAILABILITY = YES_AGGRESSIVE;
				CLANG_WARN_UNREACHABLE_CODE = YES;
				CLANG_WARN__DUPLICATE_METHOD_MATCH = YES;
				COPY_PHASE_STRIP = NO;
				DEBUG_INFORMATION_FORMAT = dwarf;
				ENABLE_STRICT_OBJC_MSGSEND = YES;
				ENABLE_TESTABILITY = YES;
				GCC_C_LANGUAGE_STANDARD = gnu11;
				GCC_DYNAMIC_NO_PIC = NO;
				GCC_NO_COMMON_BLOCKS = YES;
				GCC_OPTIMIZATION_LEVEL = 0;
				GCC_PREPROCESSOR_DEFINITIONS = (
					"DEBUG=1",
					"$(inherited)",
				);
				GCC_WARN_64_TO_32_BIT_CONVERSION = YES;
				GCC_WARN_ABOUT_RETURN_TYPE = YES_ERROR;
				GCC_WARN_UNDECLARED_SELECTOR = YES;
				GCC_WARN_UNINITIALIZED_AUTOS = YES_AGGRESSIVE;
				GCC_WARN_UNUSED_FUNCTION = YES;
				GCC_WARN_UNUSED_VARIABLE = YES;
				IPHONEOS_DEPLOYMENT_TARGET = 15.0;
				MTL_ENABLE_DEBUG_INFO = INCLUDE_SOURCE;
				MTL_FAST_MATH = YES;
				ONLY_ACTIVE_ARCH = YES;
				SDKROOT = iphoneos;
				SWIFT_ACTIVE_COMPILATION_CONDITIONS = DEBUG;
				SWIFT_OPTIMIZATION_LEVEL = "-Onone";
			};
			name = Debug;
		};
		ADE386F429B19B9600B13344 /* Release */ = {
			isa = XCBuildConfiguration;
			buildSettings = {
				ALWAYS_SEARCH_USER_PATHS = NO;
				CLANG_ANALYZER_NONNULL = YES;
				CLANG_ANALYZER_NUMBER_OBJECT_CONVERSION = YES_AGGRESSIVE;
				CLANG_CXX_LANGUAGE_STANDARD = "gnu++20";
				CLANG_ENABLE_MODULES = YES;
				CLANG_ENABLE_OBJC_ARC = YES;
				CLANG_ENABLE_OBJC_WEAK = YES;
				CLANG_WARN_BLOCK_CAPTURE_AUTORELEASING = YES;
				CLANG_WARN_BOOL_CONVERSION = YES;
				CLANG_WARN_COMMA = YES;
				CLANG_WARN_CONSTANT_CONVERSION = YES;
				CLANG_WARN_DEPRECATED_OBJC_IMPLEMENTATIONS = YES;
				CLANG_WARN_DIRECT_OBJC_ISA_USAGE = YES_ERROR;
				CLANG_WARN_DOCUMENTATION_COMMENTS = YES;
				CLANG_WARN_EMPTY_BODY = YES;
				CLANG_WARN_ENUM_CONVERSION = YES;
				CLANG_WARN_INFINITE_RECURSION = YES;
				CLANG_WARN_INT_CONVERSION = YES;
				CLANG_WARN_NON_LITERAL_NULL_CONVERSION = YES;
				CLANG_WARN_OBJC_IMPLICIT_RETAIN_SELF = YES;
				CLANG_WARN_OBJC_LITERAL_CONVERSION = YES;
				CLANG_WARN_OBJC_ROOT_CLASS = YES_ERROR;
				CLANG_WARN_QUOTED_INCLUDE_IN_FRAMEWORK_HEADER = YES;
				CLANG_WARN_RANGE_LOOP_ANALYSIS = YES;
				CLANG_WARN_STRICT_PROTOTYPES = YES;
				CLANG_WARN_SUSPICIOUS_MOVE = YES;
				CLANG_WARN_UNGUARDED_AVAILABILITY = YES_AGGRESSIVE;
				CLANG_WARN_UNREACHABLE_CODE = YES;
				CLANG_WARN__DUPLICATE_METHOD_MATCH = YES;
				COPY_PHASE_STRIP = NO;
				DEBUG_INFORMATION_FORMAT = "dwarf-with-dsym";
				ENABLE_NS_ASSERTIONS = NO;
				ENABLE_STRICT_OBJC_MSGSEND = YES;
				GCC_C_LANGUAGE_STANDARD = gnu11;
				GCC_NO_COMMON_BLOCKS = YES;
				GCC_WARN_64_TO_32_BIT_CONVERSION = YES;
				GCC_WARN_ABOUT_RETURN_TYPE = YES_ERROR;
				GCC_WARN_UNDECLARED_SELECTOR = YES;
				GCC_WARN_UNINITIALIZED_AUTOS = YES_AGGRESSIVE;
				GCC_WARN_UNUSED_FUNCTION = YES;
				GCC_WARN_UNUSED_VARIABLE = YES;
				IPHONEOS_DEPLOYMENT_TARGET = 15.0;
				MTL_ENABLE_DEBUG_INFO = NO;
				MTL_FAST_MATH = YES;
				SDKROOT = iphoneos;
				SWIFT_COMPILATION_MODE = wholemodule;
				SWIFT_OPTIMIZATION_LEVEL = "-O";
				VALIDATE_PRODUCT = YES;
			};
			name = Release;
		};
		ADE386F629B19B9600B13344 /* Debug */ = {
			isa = XCBuildConfiguration;
			buildSettings = {
				ASSETCATALOG_COMPILER_APPICON_NAME = AppIcon;
				ASSETCATALOG_COMPILER_GLOBAL_ACCENT_COLOR_NAME = AccentColor;
				CODE_SIGN_IDENTITY = "Apple Development";
				CODE_SIGN_STYLE = Automatic;
				CURRENT_PROJECT_VERSION = 1;
				DEVELOPMENT_TEAM = "";
				GENERATE_INFOPLIST_FILE = YES;
				INFOPLIST_FILE = TestTask/Info.plist;
				INFOPLIST_KEY_UIApplicationSupportsIndirectInputEvents = YES;
				INFOPLIST_KEY_UILaunchStoryboardName = LaunchScreen;
				INFOPLIST_KEY_UIMainStoryboardFile = "";
				INFOPLIST_KEY_UISupportedInterfaceOrientations = UIInterfaceOrientationPortrait;
				INFOPLIST_KEY_UISupportedInterfaceOrientations_iPad = "UIInterfaceOrientationLandscapeLeft UIInterfaceOrientationLandscapeRight UIInterfaceOrientationPortrait UIInterfaceOrientationPortraitUpsideDown";
				IPHONEOS_DEPLOYMENT_TARGET = 15.0;
				LD_RUNPATH_SEARCH_PATHS = (
					"$(inherited)",
					"@executable_path/Frameworks",
				);
				MARKETING_VERSION = 1.0;
				PRODUCT_BUNDLE_IDENTIFIER = Test.Test;
				PRODUCT_NAME = "$(TARGET_NAME)";
				PROVISIONING_PROFILE_SPECIFIER = "";
				SUPPORTED_PLATFORMS = "iphoneos iphonesimulator";
				SUPPORTS_MACCATALYST = NO;
				SUPPORTS_MAC_DESIGNED_FOR_IPHONE_IPAD = NO;
				SWIFT_EMIT_LOC_STRINGS = YES;
				SWIFT_VERSION = 5.0;
				TARGETED_DEVICE_FAMILY = 1;
			};
			name = Debug;
		};
		ADE386F729B19B9600B13344 /* Release */ = {
			isa = XCBuildConfiguration;
			buildSettings = {
				ASSETCATALOG_COMPILER_APPICON_NAME = AppIcon;
				ASSETCATALOG_COMPILER_GLOBAL_ACCENT_COLOR_NAME = AccentColor;
				CODE_SIGN_IDENTITY = "Apple Development";
				CODE_SIGN_STYLE = Automatic;
				CURRENT_PROJECT_VERSION = 1;
				DEVELOPMENT_TEAM = "";
				GENERATE_INFOPLIST_FILE = YES;
				INFOPLIST_FILE = TestTask/Info.plist;
				INFOPLIST_KEY_UIApplicationSupportsIndirectInputEvents = YES;
				INFOPLIST_KEY_UILaunchStoryboardName = LaunchScreen;
				INFOPLIST_KEY_UIMainStoryboardFile = "";
				INFOPLIST_KEY_UISupportedInterfaceOrientations = UIInterfaceOrientationPortrait;
				INFOPLIST_KEY_UISupportedInterfaceOrientations_iPad = "UIInterfaceOrientationLandscapeLeft UIInterfaceOrientationLandscapeRight UIInterfaceOrientationPortrait UIInterfaceOrientationPortraitUpsideDown";
				IPHONEOS_DEPLOYMENT_TARGET = 15.0;
				LD_RUNPATH_SEARCH_PATHS = (
					"$(inherited)",
					"@executable_path/Frameworks",
				);
				MARKETING_VERSION = 1.0;
				PRODUCT_BUNDLE_IDENTIFIER = Test.Test;
				PRODUCT_NAME = "$(TARGET_NAME)";
				PROVISIONING_PROFILE_SPECIFIER = "";
				SUPPORTED_PLATFORMS = "iphoneos iphonesimulator";
				SUPPORTS_MACCATALYST = NO;
				SUPPORTS_MAC_DESIGNED_FOR_IPHONE_IPAD = NO;
				SWIFT_EMIT_LOC_STRINGS = YES;
				SWIFT_VERSION = 5.0;
				TARGETED_DEVICE_FAMILY = 1;
			};
			name = Release;
		};
		ADE386F929B19B9600B13344 /* Debug */ = {
			isa = XCBuildConfiguration;
			buildSettings = {
				ALWAYS_EMBED_SWIFT_STANDARD_LIBRARIES = YES;
				BUNDLE_LOADER = "$(TEST_HOST)";
				CODE_SIGN_STYLE = Automatic;
				CURRENT_PROJECT_VERSION = 1;
				GENERATE_INFOPLIST_FILE = YES;
				IPHONEOS_DEPLOYMENT_TARGET = 16.2;
				MARKETING_VERSION = 1.0;
				PRODUCT_BUNDLE_IDENTIFIER = maria.TestTaskTests;
				PRODUCT_NAME = "$(TARGET_NAME)";
				SWIFT_EMIT_LOC_STRINGS = NO;
				SWIFT_VERSION = 5.0;
				TARGETED_DEVICE_FAMILY = "1,2";
				TEST_HOST = "$(BUILT_PRODUCTS_DIR)/TestTask.app/$(BUNDLE_EXECUTABLE_FOLDER_PATH)/TestTask";
			};
			name = Debug;
		};
		ADE386FA29B19B9600B13344 /* Release */ = {
			isa = XCBuildConfiguration;
			buildSettings = {
				ALWAYS_EMBED_SWIFT_STANDARD_LIBRARIES = YES;
				BUNDLE_LOADER = "$(TEST_HOST)";
				CODE_SIGN_STYLE = Automatic;
				CURRENT_PROJECT_VERSION = 1;
				GENERATE_INFOPLIST_FILE = YES;
				IPHONEOS_DEPLOYMENT_TARGET = 16.2;
				MARKETING_VERSION = 1.0;
				PRODUCT_BUNDLE_IDENTIFIER = maria.TestTaskTests;
				PRODUCT_NAME = "$(TARGET_NAME)";
				SWIFT_EMIT_LOC_STRINGS = NO;
				SWIFT_VERSION = 5.0;
				TARGETED_DEVICE_FAMILY = "1,2";
				TEST_HOST = "$(BUILT_PRODUCTS_DIR)/TestTask.app/$(BUNDLE_EXECUTABLE_FOLDER_PATH)/TestTask";
			};
			name = Release;
		};
		ADE386FC29B19B9600B13344 /* Debug */ = {
			isa = XCBuildConfiguration;
			buildSettings = {
				ALWAYS_EMBED_SWIFT_STANDARD_LIBRARIES = YES;
				CODE_SIGN_STYLE = Automatic;
				CURRENT_PROJECT_VERSION = 1;
				GENERATE_INFOPLIST_FILE = YES;
				MARKETING_VERSION = 1.0;
				PRODUCT_BUNDLE_IDENTIFIER = maria.TestTaskUITests;
				PRODUCT_NAME = "$(TARGET_NAME)";
				SWIFT_EMIT_LOC_STRINGS = NO;
				SWIFT_VERSION = 5.0;
				TARGETED_DEVICE_FAMILY = "1,2";
				TEST_TARGET_NAME = TestTask;
			};
			name = Debug;
		};
		ADE386FD29B19B9600B13344 /* Release */ = {
			isa = XCBuildConfiguration;
			buildSettings = {
				ALWAYS_EMBED_SWIFT_STANDARD_LIBRARIES = YES;
				CODE_SIGN_STYLE = Automatic;
				CURRENT_PROJECT_VERSION = 1;
				GENERATE_INFOPLIST_FILE = YES;
				MARKETING_VERSION = 1.0;
				PRODUCT_BUNDLE_IDENTIFIER = maria.TestTaskUITests;
				PRODUCT_NAME = "$(TARGET_NAME)";
				SWIFT_EMIT_LOC_STRINGS = NO;
				SWIFT_VERSION = 5.0;
				TARGETED_DEVICE_FAMILY = "1,2";
				TEST_TARGET_NAME = TestTask;
			};
			name = Release;
		};
/* End XCBuildConfiguration section */

/* Begin XCConfigurationList section */
		ADE386C629B19B9300B13344 /* Build configuration list for PBXProject "TestTask" */ = {
			isa = XCConfigurationList;
			buildConfigurations = (
				ADE386F329B19B9600B13344 /* Debug */,
				ADE386F429B19B9600B13344 /* Release */,
			);
			defaultConfigurationIsVisible = 0;
			defaultConfigurationName = Release;
		};
		ADE386F529B19B9600B13344 /* Build configuration list for PBXNativeTarget "TestTask" */ = {
			isa = XCConfigurationList;
			buildConfigurations = (
				ADE386F629B19B9600B13344 /* Debug */,
				ADE386F729B19B9600B13344 /* Release */,
			);
			defaultConfigurationIsVisible = 0;
			defaultConfigurationName = Release;
		};
		ADE386F829B19B9600B13344 /* Build configuration list for PBXNativeTarget "TestTaskTests" */ = {
			isa = XCConfigurationList;
			buildConfigurations = (
				ADE386F929B19B9600B13344 /* Debug */,
				ADE386FA29B19B9600B13344 /* Release */,
			);
			defaultConfigurationIsVisible = 0;
			defaultConfigurationName = Release;
		};
		ADE386FB29B19B9600B13344 /* Build configuration list for PBXNativeTarget "TestTaskUITests" */ = {
			isa = XCConfigurationList;
			buildConfigurations = (
				ADE386FC29B19B9600B13344 /* Debug */,
				ADE386FD29B19B9600B13344 /* Release */,
			);
			defaultConfigurationIsVisible = 0;
			defaultConfigurationName = Release;
		};
/* End XCConfigurationList section */

/* Begin XCRemoteSwiftPackageReference section */
		ADC6AE9429B23B9300156076 /* XCRemoteSwiftPackageReference "firebase-ios-sdk" */ = {
			isa = XCRemoteSwiftPackageReference;
			repositoryURL = "https://github.com/firebase/firebase-ios-sdk";
			requirement = {
				branch = master;
				kind = branch;
			};
		};
/* End XCRemoteSwiftPackageReference section */

/* Begin XCSwiftPackageProductDependency section */
		ADC6AE9529B23B9300156076 /* FirebaseDatabase */ = {
			isa = XCSwiftPackageProductDependency;
			package = ADC6AE9429B23B9300156076 /* XCRemoteSwiftPackageReference "firebase-ios-sdk" */;
			productName = FirebaseDatabase;
		};
		ADC6AE9729B23B9300156076 /* FirebaseDatabaseSwift */ = {
			isa = XCSwiftPackageProductDependency;
			package = ADC6AE9429B23B9300156076 /* XCRemoteSwiftPackageReference "firebase-ios-sdk" */;
			productName = FirebaseDatabaseSwift;
		};
/* End XCSwiftPackageProductDependency section */
	};
	rootObject = ADE386C329B19B9300B13344 /* Project object */;
}
